
Microsoft Visual Studio Solution File, Format Version 12.00
# Visual Studio Version 17
VisualStudioVersion = 17.3.32901.215
MinimumVisualStudioVersion = 10.0.40219.1
Project("{FAE04EC0-301F-11D3-BF4B-00C04F79EFBC}") = "Vista", "Examen_IIParcial\Vista.csproj", "{76109C93-C3FB-4630-AB7C-91B479EA3404}"
EndProject
Project("{FAE04EC0-301F-11D3-BF4B-00C04F79EFBC}") = "Datos", "Datos\Datos.csproj", "{B5A60963-5A8F-49D1-B37F-E8655C8C507B}"
EndProject
Project("{FAE04EC0-301F-11D3-BF4B-00C04F79EFBC}") = "Entidades", "ClassLibrary1\Entidades.csproj", "{6D80A636-6E28-48E3-8CF8-BD00EDE3BD8E}"
EndProject
Global
	GlobalSection(SolutionConfigurationPlatforms) = preSolution
		Debug|Any CPU = Debug|Any CPU
		Release|Any CPU = Release|Any CPU
	EndGlobalSection
	GlobalSection(ProjectConfigurationPlatforms) = postSolution
		{76109C93-C3FB-4630-AB7C-91B479EA3404}.Debug|Any CPU.ActiveCfg = Debug|Any CPU
		{76109C93-C3FB-4630-AB7C-91B479EA3404}.Debug|Any CPU.Build.0 = Debug|Any CPU
		{76109C93-C3FB-4630-AB7C-91B479EA3404}.Release|Any CPU.ActiveCfg = Release|Any CPU
		{76109C93-C3FB-4630-AB7C-91B479EA3404}.Release|Any CPU.Build.0 = Release|Any CPU
		{B5A60963-5A8F-49D1-B37F-E8655C8C507B}.Debug|Any CPU.ActiveCfg = Debug|Any CPU
		{B5A60963-5A8F-49D1-B37F-E8655C8C507B}.Debug|Any CPU.Build.0 = Debug|Any CPU
		{B5A60963-5A8F-49D1-B37F-E8655C8C507B}.Release|Any CPU.ActiveCfg = Release|Any CPU
		{B5A60963-5A8F-49D1-B37F-E8655C8C507B}.Release|Any CPU.Build.0 = Release|Any CPU
		{6D80A636-6E28-48E3-8CF8-BD00EDE3BD8E}.Debug|Any CPU.ActiveCfg = Debug|Any CPU
		{6D80A636-6E28-48E3-8CF8-BD00EDE3BD8E}.Debug|Any CPU.Build.0 = Debug|Any CPU
		{6D80A636-6E28-48E3-8CF8-BD00EDE3BD8E}.Release|Any CPU.ActiveCfg = Release|Any CPU
		{6D80A636-6E28-48E3-8CF8-BD00EDE3BD8E}.Release|Any CPU.Build.0 = Release|Any CPU
	EndGlobalSection
	GlobalSection(SolutionProperties) = preSolution
		HideSolutionNode = FALSE
	EndGlobalSection
	GlobalSection(ExtensibilityGlobals) = postSolution
		SolutionGuid = {7E999A36-53A9-402A-96C0-0898408CAAAF}
	EndGlobalSection
EndGlobal
